// !$*UTF8*$!
{
	archiveVersion = 1;
	classes = {
	};
	objectVersion = 55;
	objects = {

/* Begin PBXBuildFile section */
		18954C1928317A59002EFF01 /* ImageContentTableViewCell.swift in Sources */ = {isa = PBXBuildFile; fileRef = 18954C1728317A59002EFF01 /* ImageContentTableViewCell.swift */; };
		18954C1A28317A59002EFF01 /* ImageContentTableViewCell.xib in Resources */ = {isa = PBXBuildFile; fileRef = 18954C1828317A59002EFF01 /* ImageContentTableViewCell.xib */; };
		18954C1D283195B2002EFF01 /* HomeCarouselCollectionViewCell.swift in Sources */ = {isa = PBXBuildFile; fileRef = 18954C1B283195B2002EFF01 /* HomeCarouselCollectionViewCell.swift */; };
		18954C1E283195B2002EFF01 /* HomeCarouselCollectionViewCell.xib in Resources */ = {isa = PBXBuildFile; fileRef = 18954C1C283195B2002EFF01 /* HomeCarouselCollectionViewCell.xib */; };
		18B1612F282E82AF00E44FEF /* HomeViewController.swift in Sources */ = {isa = PBXBuildFile; fileRef = 18B1612D282E82AF00E44FEF /* HomeViewController.swift */; };
		18B16130282E82AF00E44FEF /* HomeViewController.xib in Resources */ = {isa = PBXBuildFile; fileRef = 18B1612E282E82AF00E44FEF /* HomeViewController.xib */; };
		18B16132282E82C600E44FEF /* HomeViewModel.swift in Sources */ = {isa = PBXBuildFile; fileRef = 18B16131282E82C600E44FEF /* HomeViewModel.swift */; };
		18B16134282ED10500E44FEF /* HomeModel.swift in Sources */ = {isa = PBXBuildFile; fileRef = 18B16133282ED10500E44FEF /* HomeModel.swift */; };
		18B16136282ED4DC00E44FEF /* ImageData.json in Resources */ = {isa = PBXBuildFile; fileRef = 18B16135282ED4DC00E44FEF /* ImageData.json */; };
		18B1613A2830157500E44FEF /* CarouselTableViewCell.swift in Sources */ = {isa = PBXBuildFile; fileRef = 18B161382830157500E44FEF /* CarouselTableViewCell.swift */; };
		18B1613B2830157500E44FEF /* CarouselTableViewCell.xib in Resources */ = {isa = PBXBuildFile; fileRef = 18B161392830157500E44FEF /* CarouselTableViewCell.xib */; };
		18CFBB7B282B92A30044FE85 /* AppDelegate.swift in Sources */ = {isa = PBXBuildFile; fileRef = 18CFBB7A282B92A30044FE85 /* AppDelegate.swift */; };
		18CFBB84282B92A40044FE85 /* Assets.xcassets in Resources */ = {isa = PBXBuildFile; fileRef = 18CFBB83282B92A40044FE85 /* Assets.xcassets */; };
		18CFBB87282B92A40044FE85 /* LaunchScreen.storyboard in Resources */ = {isa = PBXBuildFile; fileRef = 18CFBB85282B92A40044FE85 /* LaunchScreen.storyboard */; };
/* End PBXBuildFile section */

/* Begin PBXFileReference section */
		18954C1728317A59002EFF01 /* ImageContentTableViewCell.swift */ = {isa = PBXFileReference; lastKnownFileType = sourcecode.swift; path = ImageContentTableViewCell.swift; sourceTree = "<group>"; };
		18954C1828317A59002EFF01 /* ImageContentTableViewCell.xib */ = {isa = PBXFileReference; lastKnownFileType = file.xib; path = ImageContentTableViewCell.xib; sourceTree = "<group>"; };
		18954C1B283195B2002EFF01 /* HomeCarouselCollectionViewCell.swift */ = {isa = PBXFileReference; lastKnownFileType = sourcecode.swift; path = HomeCarouselCollectionViewCell.swift; sourceTree = "<group>"; };
		18954C1C283195B2002EFF01 /* HomeCarouselCollectionViewCell.xib */ = {isa = PBXFileReference; lastKnownFileType = file.xib; path = HomeCarouselCollectionViewCell.xib; sourceTree = "<group>"; };
		18B1612D282E82AF00E44FEF /* HomeViewController.swift */ = {isa = PBXFileReference; lastKnownFileType = sourcecode.swift; path = HomeViewController.swift; sourceTree = "<group>"; };
		18B1612E282E82AF00E44FEF /* HomeViewController.xib */ = {isa = PBXFileReference; lastKnownFileType = file.xib; path = HomeViewController.xib; sourceTree = "<group>"; };
		18B16131282E82C600E44FEF /* HomeViewModel.swift */ = {isa = PBXFileReference; lastKnownFileType = sourcecode.swift; path = HomeViewModel.swift; sourceTree = "<group>"; };
		18B16133282ED10500E44FEF /* HomeModel.swift */ = {isa = PBXFileReference; lastKnownFileType = sourcecode.swift; path = HomeModel.swift; sourceTree = "<group>"; };
		18B16135282ED4DC00E44FEF /* ImageData.json */ = {isa = PBXFileReference; fileEncoding = 4; lastKnownFileType = text.json; path = ImageData.json; sourceTree = "<group>"; };
		18B161382830157500E44FEF /* CarouselTableViewCell.swift */ = {isa = PBXFileReference; lastKnownFileType = sourcecode.swift; path = CarouselTableViewCell.swift; sourceTree = "<group>"; };
		18B161392830157500E44FEF /* CarouselTableViewCell.xib */ = {isa = PBXFileReference; lastKnownFileType = file.xib; path = CarouselTableViewCell.xib; sourceTree = "<group>"; };
		18CFBB77282B92A30044FE85 /* MayurILATask.app */ = {isa = PBXFileReference; explicitFileType = wrapper.application; includeInIndex = 0; path = MayurILATask.app; sourceTree = BUILT_PRODUCTS_DIR; };
		18CFBB7A282B92A30044FE85 /* AppDelegate.swift */ = {isa = PBXFileReference; lastKnownFileType = sourcecode.swift; path = AppDelegate.swift; sourceTree = "<group>"; };
		18CFBB83282B92A40044FE85 /* Assets.xcassets */ = {isa = PBXFileReference; lastKnownFileType = folder.assetcatalog; path = Assets.xcassets; sourceTree = "<group>"; };
		18CFBB86282B92A40044FE85 /* Base */ = {isa = PBXFileReference; lastKnownFileType = file.storyboard; name = Base; path = Base.lproj/LaunchScreen.storyboard; sourceTree = "<group>"; };
		18CFBB88282B92A40044FE85 /* Info.plist */ = {isa = PBXFileReference; lastKnownFileType = text.plist.xml; path = Info.plist; sourceTree = "<group>"; };
/* End PBXFileReference section */

/* Begin PBXFrameworksBuildPhase section */
		18CFBB74282B92A30044FE85 /* Frameworks */ = {
			isa = PBXFrameworksBuildPhase;
			buildActionMask = 2147483647;
			files = (
			);
			runOnlyForDeploymentPostprocessing = 0;
		};
/* End PBXFrameworksBuildPhase section */

/* Begin PBXGroup section */
		18B1612A282E7B7700E44FEF /* Model */ = {
			isa = PBXGroup;
			children = (
				18B16133282ED10500E44FEF /* HomeModel.swift */,
			);
			path = Model;
			sourceTree = "<group>";
		};
		18B1612B282E7B7F00E44FEF /* View */ = {
			isa = PBXGroup;
			children = (
				18B161372830155100E44FEF /* Cells */,
				18B1612D282E82AF00E44FEF /* HomeViewController.swift */,
				18B1612E282E82AF00E44FEF /* HomeViewController.xib */,
			);
			path = View;
			sourceTree = "<group>";
		};
		18B1612C282E7B9300E44FEF /* ViewModel */ = {
			isa = PBXGroup;
			children = (
				18B16131282E82C600E44FEF /* HomeViewModel.swift */,
			);
			path = ViewModel;
			sourceTree = "<group>";
		};
		18B161372830155100E44FEF /* Cells */ = {
			isa = PBXGroup;
			children = (
				18B161382830157500E44FEF /* CarouselTableViewCell.swift */,
				18B161392830157500E44FEF /* CarouselTableViewCell.xib */,
				18954C1728317A59002EFF01 /* ImageContentTableViewCell.swift */,
				18954C1828317A59002EFF01 /* ImageContentTableViewCell.xib */,
				18954C1B283195B2002EFF01 /* HomeCarouselCollectionViewCell.swift */,
				18954C1C283195B2002EFF01 /* HomeCarouselCollectionViewCell.xib */,
			);
			path = Cells;
			sourceTree = "<group>";
		};
		18CFBB6E282B92A30044FE85 = {
			isa = PBXGroup;
			children = (
				18CFBB79282B92A30044FE85 /* MayurILATask */,
				18CFBB78282B92A30044FE85 /* Products */,
			);
			sourceTree = "<group>";
		};
		18CFBB78282B92A30044FE85 /* Products */ = {
			isa = PBXGroup;
			children = (
				18CFBB77282B92A30044FE85 /* MayurILATask.app */,
			);
			name = Products;
			sourceTree = "<group>";
		};
		18CFBB79282B92A30044FE85 /* MayurILATask */ = {
			isa = PBXGroup;
			children = (
				18B16135282ED4DC00E44FEF /* ImageData.json */,
				18B1612A282E7B7700E44FEF /* Model */,
				18B1612B282E7B7F00E44FEF /* View */,
				18B1612C282E7B9300E44FEF /* ViewModel */,
				18CFBB7A282B92A30044FE85 /* AppDelegate.swift */,
				18CFBB83282B92A40044FE85 /* Assets.xcassets */,
				18CFBB85282B92A40044FE85 /* LaunchScreen.storyboard */,
				18CFBB88282B92A40044FE85 /* Info.plist */,
			);
			path = MayurILATask;
			sourceTree = "<group>";
		};
/* End PBXGroup section */

/* Begin PBXNativeTarget section */
		18CFBB76282B92A30044FE85 /* MayurILATask */ = {
			isa = PBXNativeTarget;
			buildConfigurationList = 18CFBB8B282B92A40044FE85 /* Build configuration list for PBXNativeTarget "MayurILATask" */;
			buildPhases = (
				18CFBB73282B92A30044FE85 /* Sources */,
				18CFBB74282B92A30044FE85 /* Frameworks */,
				18CFBB75282B92A30044FE85 /* Resources */,
			);
			buildRules = (
			);
			dependencies = (
			);
			name = MayurILATask;
			productName = MayurILATask;
			productReference = 18CFBB77282B92A30044FE85 /* MayurILATask.app */;
			productType = "com.apple.product-type.application";
		};
/* End PBXNativeTarget section */

/* Begin PBXProject section */
		18CFBB6F282B92A30044FE85 /* Project object */ = {
			isa = PBXProject;
			attributes = {
				BuildIndependentTargetsInParallel = 1;
				LastSwiftUpdateCheck = 1330;
				LastUpgradeCheck = 1330;
				TargetAttributes = {
					18CFBB76282B92A30044FE85 = {
						CreatedOnToolsVersion = 13.3.1;
					};
				};
			};
			buildConfigurationList = 18CFBB72282B92A30044FE85 /* Build configuration list for PBXProject "MayurILATask" */;
			compatibilityVersion = "Xcode 13.0";
			developmentRegion = en;
			hasScannedForEncodings = 0;
			knownRegions = (
				en,
				Base,
			);
			mainGroup = 18CFBB6E282B92A30044FE85;
			productRefGroup = 18CFBB78282B92A30044FE85 /* Products */;
			projectDirPath = "";
			projectRoot = "";
			targets = (
				18CFBB76282B92A30044FE85 /* MayurILATask */,
			);
		};
/* End PBXProject section */

/* Begin PBXResourcesBuildPhase section */
		18CFBB75282B92A30044FE85 /* Resources */ = {
			isa = PBXResourcesBuildPhase;
			buildActionMask = 2147483647;
			files = (
				18CFBB87282B92A40044FE85 /* LaunchScreen.storyboard in Resources */,
				18954C1E283195B2002EFF01 /* HomeCarouselCollectionViewCell.xib in Resources */,
				18CFBB84282B92A40044FE85 /* Assets.xcassets in Resources */,
				18B1613B2830157500E44FEF /* CarouselTableViewCell.xib in Resources */,
				18B16130282E82AF00E44FEF /* HomeViewController.xib in Resources */,
				18B16136282ED4DC00E44FEF /* ImageData.json in Resources */,
				18954C1A28317A59002EFF01 /* ImageContentTableViewCell.xib in Resources */,
			);
			runOnlyForDeploymentPostprocessing = 0;
		};
/* End PBXResourcesBuildPhase section */

/* Begin PBXSourcesBuildPhase section */
		18CFBB73282B92A30044FE85 /* Sources */ = {
			isa = PBXSourcesBuildPhase;
			buildActionMask = 2147483647;
			files = (
				18B16134282ED10500E44FEF /* HomeModel.swift in Sources */,
				18CFBB7B282B92A30044FE85 /* AppDelegate.swift in Sources */,
				18B1612F282E82AF00E44FEF /* HomeViewController.swift in Sources */,
				18954C1928317A59002EFF01 /* ImageContentTableViewCell.swift in Sources */,
				18954C1D283195B2002EFF01 /* HomeCarouselCollectionViewCell.swift in Sources */,
				18B1613A2830157500E44FEF /* CarouselTableViewCell.swift in Sources */,
				18B16132282E82C600E44FEF /* HomeViewModel.swift in Sources */,
			);
			runOnlyForDeploymentPostprocessing = 0;
		};
/* End PBXSourcesBuildPhase section */

/* Begin PBXVariantGroup section */
		18CFBB85282B92A40044FE85 /* LaunchScreen.storyboard */ = {
			isa = PBXVariantGroup;
			children = (
				18CFBB86282B92A40044FE85 /* Base */,
			);
			name = LaunchScreen.storyboard;
			sourceTree = "<group>";
		};
/* End PBXVariantGroup section */

/* Begin XCBuildConfiguration section */
		18CFBB89282B92A40044FE85 /* Debug */ = {
			isa = XCBuildConfiguration;
			buildSettings = {
				ALWAYS_SEARCH_USER_PATHS = NO;
				CLANG_ANALYZER_NONNULL = YES;
				CLANG_ANALYZER_NUMBER_OBJECT_CONVERSION = YES_AGGRESSIVE;
				CLANG_CXX_LANGUAGE_STANDARD = "gnu++17";
				CLANG_ENABLE_MODULES = YES;
				CLANG_ENABLE_OBJC_ARC = YES;
				CLANG_ENABLE_OBJC_WEAK = YES;
				CLANG_WARN_BLOCK_CAPTURE_AUTORELEASING = YES;
				CLANG_WARN_BOOL_CONVERSION = YES;
				CLANG_WARN_COMMA = YES;
				CLANG_WARN_CONSTANT_CONVERSION = YES;
				CLANG_WARN_DEPRECATED_OBJC_IMPLEMENTATIONS = YES;
				CLANG_WARN_DIRECT_OBJC_ISA_USAGE = YES_ERROR;
				CLANG_WARN_DOCUMENTATION_COMMENTS = YES;
				CLANG_WARN_EMPTY_BODY = YES;
				CLANG_WARN_ENUM_CONVERSION = YES;
				CLANG_WARN_INFINITE_RECURSION = YES;
				CLANG_WARN_INT_CONVERSION = YES;
				CLANG_WARN_NON_LITERAL_NULL_CONVERSION = YES;
				CLANG_WARN_OBJC_IMPLICIT_RETAIN_SELF = YES;
				CLANG_WARN_OBJC_LITERAL_CONVERSION = YES;
				CLANG_WARN_OBJC_ROOT_CLASS = YES_ERROR;
				CLANG_WARN_QUOTED_INCLUDE_IN_FRAMEWORK_HEADER = YES;
				CLANG_WARN_RANGE_LOOP_ANALYSIS = YES;
				CLANG_WARN_STRICT_PROTOTYPES = YES;
				CLANG_WARN_SUSPICIOUS_MOVE = YES;
				CLANG_WARN_UNGUARDED_AVAILABILITY = YES_AGGRESSIVE;
				CLANG_WARN_UNREACHABLE_CODE = YES;
				CLANG_WARN__DUPLICATE_METHOD_MATCH = YES;
				COPY_PHASE_STRIP = NO;
				DEBUG_INFORMATION_FORMAT = dwarf;
				ENABLE_STRICT_OBJC_MSGSEND = YES;
				ENABLE_TESTABILITY = YES;
				GCC_C_LANGUAGE_STANDARD = gnu11;
				GCC_DYNAMIC_NO_PIC = NO;
				GCC_NO_COMMON_BLOCKS = YES;
				GCC_OPTIMIZATION_LEVEL = 0;
				GCC_PREPROCESSOR_DEFINITIONS = (
					"DEBUG=1",
					"$(inherited)",
				);
				GCC_WARN_64_TO_32_BIT_CONVERSION = YES;
				GCC_WARN_ABOUT_RETURN_TYPE = YES_ERROR;
				GCC_WARN_UNDECLARED_SELECTOR = YES;
				GCC_WARN_UNINITIALIZED_AUTOS = YES_AGGRESSIVE;
				GCC_WARN_UNUSED_FUNCTION = YES;
				GCC_WARN_UNUSED_VARIABLE = YES;
				IPHONEOS_DEPLOYMENT_TARGET = 15.4;
				MTL_ENABLE_DEBUG_INFO = INCLUDE_SOURCE;
				MTL_FAST_MATH = YES;
				ONLY_ACTIVE_ARCH = YES;
				SDKROOT = iphoneos;
				SWIFT_ACTIVE_COMPILATION_CONDITIONS = DEBUG;
				SWIFT_OPTIMIZATION_LEVEL = "-Onone";
			};
			name = Debug;
		};
		18CFBB8A282B92A40044FE85 /* Release */ = {
			isa = XCBuildConfiguration;
			buildSettings = {
				ALWAYS_SEARCH_USER_PATHS = NO;
				CLANG_ANALYZER_NONNULL = YES;
				CLANG_ANALYZER_NUMBER_OBJECT_CONVERSION = YES_AGGRESSIVE;
				CLANG_CXX_LANGUAGE_STANDARD = "gnu++17";
				CLANG_ENABLE_MODULES = YES;
				CLANG_ENABLE_OBJC_ARC = YES;
				CLANG_ENABLE_OBJC_WEAK = YES;
				CLANG_WARN_BLOCK_CAPTURE_AUTORELEASING = YES;
				CLANG_WARN_BOOL_CONVERSION = YES;
				CLANG_WARN_COMMA = YES;
				CLANG_WARN_CONSTANT_CONVERSION = YES;
				CLANG_WARN_DEPRECATED_OBJC_IMPLEMENTATIONS = YES;
				CLANG_WARN_DIRECT_OBJC_ISA_USAGE = YES_ERROR;
				CLANG_WARN_DOCUMENTATION_COMMENTS = YES;
				CLANG_WARN_EMPTY_BODY = YES;
				CLANG_WARN_ENUM_CONVERSION = YES;
				CLANG_WARN_INFINITE_RECURSION = YES;
				CLANG_WARN_INT_CONVERSION = YES;
				CLANG_WARN_NON_LITERAL_NULL_CONVERSION = YES;
				CLANG_WARN_OBJC_IMPLICIT_RETAIN_SELF = YES;
				CLANG_WARN_OBJC_LITERAL_CONVERSION = YES;
				CLANG_WARN_OBJC_ROOT_CLASS = YES_ERROR;
				CLANG_WARN_QUOTED_INCLUDE_IN_FRAMEWORK_HEADER = YES;
				CLANG_WARN_RANGE_LOOP_ANALYSIS = YES;
				CLANG_WARN_STRICT_PROTOTYPES = YES;
				CLANG_WARN_SUSPICIOUS_MOVE = YES;
				CLANG_WARN_UNGUARDED_AVAILABILITY = YES_AGGRESSIVE;
				CLANG_WARN_UNREACHABLE_CODE = YES;
				CLANG_WARN__DUPLICATE_METHOD_MATCH = YES;
				COPY_PHASE_STRIP = NO;
				DEBUG_INFORMATION_FORMAT = "dwarf-with-dsym";
				ENABLE_NS_ASSERTIONS = NO;
				ENABLE_STRICT_OBJC_MSGSEND = YES;
				GCC_C_LANGUAGE_STANDARD = gnu11;
				GCC_NO_COMMON_BLOCKS = YES;
				GCC_WARN_64_TO_32_BIT_CONVERSION = YES;
				GCC_WARN_ABOUT_RETURN_TYPE = YES_ERROR;
				GCC_WARN_UNDECLARED_SELECTOR = YES;
				GCC_WARN_UNINITIALIZED_AUTOS = YES_AGGRESSIVE;
				GCC_WARN_UNUSED_FUNCTION = YES;
				GCC_WARN_UNUSED_VARIABLE = YES;
				IPHONEOS_DEPLOYMENT_TARGET = 15.4;
				MTL_ENABLE_DEBUG_INFO = NO;
				MTL_FAST_MATH = YES;
				SDKROOT = iphoneos;
				SWIFT_COMPILATION_MODE = wholemodule;
				SWIFT_OPTIMIZATION_LEVEL = "-O";
				VALIDATE_PRODUCT = YES;
			};
			name = Release;
		};
		18CFBB8C282B92A40044FE85 /* Debug */ = {
			isa = XCBuildConfiguration;
			buildSettings = {
				ASSETCATALOG_COMPILER_APPICON_NAME = AppIcon;
				ASSETCATALOG_COMPILER_GLOBAL_ACCENT_COLOR_NAME = AccentColor;
				CODE_SIGN_STYLE = Automatic;
				CURRENT_PROJECT_VERSION = 1;
				DEVELOPMENT_TEAM = C98J83VV8S;
				GENERATE_INFOPLIST_FILE = YES;
				INFOPLIST_FILE = MayurILATask/Info.plist;
				INFOPLIST_KEY_UIApplicationSupportsIndirectInputEvents = YES;
				INFOPLIST_KEY_UILaunchStoryboardName = LaunchScreen;
				INFOPLIST_KEY_UISupportedInterfaceOrientations_iPad = "UIInterfaceOrientationPortrait UIInterfaceOrientationPortraitUpsideDown UIInterfaceOrientationLandscapeLeft UIInterfaceOrientationLandscapeRight";
				INFOPLIST_KEY_UISupportedInterfaceOrientations_iPhone = "UIInterfaceOrientationPortrait UIInterfaceOrientationLandscapeLeft UIInterfaceOrientationLandscapeRight";
				LD_RUNPATH_SEARCH_PATHS = (
					"$(inherited)",
					"@executable_path/Frameworks",
				);
				MARKETING_VERSION = 1.0;
				PRODUCT_BUNDLE_IDENTIFIER = a.MayurILATask;
				PRODUCT_NAME = "$(TARGET_NAME)";
				SWIFT_EMIT_LOC_STRINGS = YES;
				SWIFT_VERSION = 5.0;
				TARGETED_DEVICE_FAMILY = 1;
			};
			name = Debug;
		};
		18CFBB8D282B92A40044FE85 /* Release */ = {
			isa = XCBuildConfiguration;
			buildSettings = {
				ASSETCATALOG_COMPILER_APPICON_NAME = AppIcon;
				ASSETCATALOG_COMPILER_GLOBAL_ACCENT_COLOR_NAME = AccentColor;
				CODE_SIGN_STYLE = Automatic;
				CURRENT_PROJECT_VERSION = 1;
				DEVELOPMENT_TEAM = C98J83VV8S;
				GENERATE_INFOPLIST_FILE = YES;
				INFOPLIST_FILE = MayurILATask/Info.plist;
				INFOPLIST_KEY_UIApplicationSupportsIndirectInputEvents = YES;
				INFOPLIST_KEY_UILaunchStoryboardName = LaunchScreen;
				INFOPLIST_KEY_UISupportedInterfaceOrientations_iPad = "UIInterfaceOrientationPortrait UIInterfaceOrientationPortraitUpsideDown UIInterfaceOrientationLandscapeLeft UIInterfaceOrientationLandscapeRight";
				INFOPLIST_KEY_UISupportedInterfaceOrientations_iPhone = "UIInterfaceOrientationPortrait UIInterfaceOrientationLandscapeLeft UIInterfaceOrientationLandscapeRight";
				LD_RUNPATH_SEARCH_PATHS = (
					"$(inherited)",
					"@executable_path/Frameworks",
				);
				MARKETING_VERSION = 1.0;
				PRODUCT_BUNDLE_IDENTIFIER = a.MayurILATask;
				PRODUCT_NAME = "$(TARGET_NAME)";
				SWIFT_EMIT_LOC_STRINGS = YES;
				SWIFT_VERSION = 5.0;
				TARGETED_DEVICE_FAMILY = 1;
			};
			name = Release;
		};
/* End XCBuildConfiguration section */

/* Begin XCConfigurationList section */
		18CFBB72282B92A30044FE85 /* Build configuration list for PBXProject "MayurILATask" */ = {
			isa = XCConfigurationList;
			buildConfigurations = (
				18CFBB89282B92A40044FE85 /* Debug */,
				18CFBB8A282B92A40044FE85 /* Release */,
			);
			defaultConfigurationIsVisible = 0;
			defaultConfigurationName = Release;
		};
		18CFBB8B282B92A40044FE85 /* Build configuration list for PBXNativeTarget "MayurILATask" */ = {
			isa = XCConfigurationList;
			buildConfigurations = (
				18CFBB8C282B92A40044FE85 /* Debug */,
				18CFBB8D282B92A40044FE85 /* Release */,
			);
			defaultConfigurationIsVisible = 0;
			defaultConfigurationName = Release;
		};
/* End XCConfigurationList section */
	};
	rootObject = 18CFBB6F282B92A30044FE85 /* Project object */;
}
